
Microsoft Visual Studio Solution File, Format Version 12.00
# Visual Studio Version 16
VisualStudioVersion = 16.0.31515.178
MinimumVisualStudioVersion = 10.0.40219.1
Project("{FAE04EC0-301F-11D3-BF4B-00C04F79EFBC}") = "ThreeBody", "ThreeBody\ThreeBody.csproj", "{23ECA7FF-C024-40B6-BE92-A15118354366}"
EndProject
Global
	GlobalSection(SolutionConfigurationPlatforms) = preSolution
		Debug|Any CPU = Debug|Any CPU
		Release|Any CPU = Release|Any CPU
	EndGlobalSection
	GlobalSection(ProjectConfigurationPlatforms) = postSolution
		{23ECA7FF-C024-40B6-BE92-A15118354366}.Debug|Any CPU.ActiveCfg = Debug|Any CPU
		{23ECA7FF-C024-40B6-BE92-A15118354366}.Debug|Any CPU.Build.0 = Debug|Any CPU
		{23ECA7FF-C024-40B6-BE92-A15118354366}.Release|Any CPU.ActiveCfg = Release|Any CPU
		{23ECA7FF-C024-40B6-BE92-A15118354366}.Release|Any CPU.Build.0 = Release|Any CPU
	EndGlobalSection
	GlobalSection(SolutionProperties) = preSolution
		HideSolutionNode = FALSE
	EndGlobalSection
	GlobalSection(ExtensibilityGlobals) = postSolution
		SolutionGuid = {453172BC-A65A-4B98-BEB4-8D7C171333F7}
	EndGlobalSection
EndGlobal
